<?xml version="1.0" encoding="utf-8"?>
<Project ToolsVersion="4.0" xmlns="http://schemas.microsoft.com/developer/msbuild/2003">
  <ItemGroup>
    <Filter Include="Исходные файлы">
      <UniqueIdentifier>{4FC737F1-C7A5-4376-A066-2A32D752A2FF}</UniqueIdentifier>
      <Extensions>cpp;c;cc;cxx;c++;cppm;ixx;def;odl;idl;hpj;bat;asm;asmx</Extensions>
    </Filter>
    <Filter Include="Файлы заголовков">
      <UniqueIdentifier>{93995380-89BD-4b04-88EB-625FBE52EBFB}</UniqueIdentifier>
      <Extensions>h;hh;hpp;hxx;h++;hm;inl;inc;ipp;xsd</Extensions>
    </Filter>
    <Filter Include="Файлы ресурсов">
      <UniqueIdentifier>{67DA6AB6-F800-4c08-8B7A-83BB121AAD01}</UniqueIdentifier>
      <Extensions>rc;ico;cur;bmp;dlg;rc2;rct;bin;rgs;gif;jpg;jpeg;jpe;resx;tiff;tif;png;wav;mfcribbon-ms</Extensions>
    </Filter>
    <Filter Include="Исходные файлы\writer_function">
      <UniqueIdentifier>{770be327-1970-4eef-9add-3d4212e9453c}</UniqueIdentifier>
    </Filter>
    <Filter Include="Исходные файлы\website">
      <UniqueIdentifier>{29afb631-39ae-4596-9ae6-65c498be9f47}</UniqueIdentifier>
    </Filter>
    <Filter Include="Исходные файлы\parse_functions">
      <UniqueIdentifier>{11b55540-66a6-4426-bcaa-d875b1383724}</UniqueIdentifier>
    </Filter>
    <Filter Include="Исходные файлы\manager">
      <UniqueIdentifier>{1a58e0b7-b770-49c6-85c3-5079b9a06a78}</UniqueIdentifier>
    </Filter>
  </ItemGroup>
  <ItemGroup>
    <ClCompile Include="Main.cpp">
      <Filter>Исходные файлы</Filter>
    </ClCompile>
    <ClCompile Include="website.cpp">
      <Filter>Исходные файлы\website</Filter>
    </ClCompile>
    <ClCompile Include="manager.cpp">
      <Filter>Исходные файлы\manager</Filter>
    </ClCompile>
  </ItemGroup>
  <ItemGroup>
    <ClInclude Include="writer_function.h">
      <Filter>Исходные файлы\writer_function</Filter>
    </ClInclude>
    <ClInclude Include="website.h">
      <Filter>Исходные файлы\website</Filter>
    </ClInclude>
    <ClInclude Include="parse_functions.h">
      <Filter>Исходные файлы\parse_functions</Filter>
    </ClInclude>
    <ClInclude Include="manager.h">
      <Filter>Исходные файлы\manager</Filter>
    </ClInclude>
  </ItemGroup>
</Project>